
Microsoft Visual Studio Solution File, Format Version 12.00
# Visual Studio Version 17
VisualStudioVersion = 17.3.32929.385
MinimumVisualStudioVersion = 10.0.40219.1
Project("{9A19103F-16F7-4668-BE54-9A1E7A4F7556}") = "GioiThieu", "GioiThieu\GioiThieu.csproj", "{98153075-94CC-4EC6-AB62-2E0A8980CA7A}"
EndProject
Project("{9A19103F-16F7-4668-BE54-9A1E7A4F7556}") = "TRAINING_2", "TRAINING_2\TRAINING_2.csproj", "{BB0EDFC7-9E1C-4E22-8C76-320BA292AD66}"
EndProject
Project("{9A19103F-16F7-4668-BE54-9A1E7A4F7556}") = "BAI_1_2_COLLECTION_CONTROL", "BAI_1_2_COLLECTION_CONTROL\BAI_1_2_COLLECTION_CONTROL.csproj", "{04C766F7-4857-4D5E-A766-B0A642A57250}"
EndProject
Project("{9A19103F-16F7-4668-BE54-9A1E7A4F7556}") = "THUCS_HANHS", "THUCS_HANHS\THUCS_HANHS.csproj", "{A842F15B-7E93-468A-ADE4-6184998AD37B}"
EndProject
Project("{9A19103F-16F7-4668-BE54-9A1E7A4F7556}") = "TRAINING_1", "TRAINING_1\TRAINING_1.csproj", "{2DF7271E-8D8D-4AEF-BAE5-85FD1015505A}"
EndProject
Project("{9A19103F-16F7-4668-BE54-9A1E7A4F7556}") = "TRAINING_3", "TRAINING_3\TRAINING_3.csproj", "{7DD82A1F-CAD6-41E6-B7B2-EBC2DA5039CE}"
EndProject
Project("{9A19103F-16F7-4668-BE54-9A1E7A4F7556}") = "BAI_1_3_LSTBOX", "BAI_1_3_LSTBOX\BAI_1_3_LSTBOX.csproj", "{343DACF9-B977-496F-A134-73ABBF02DB34}"
EndProject
Project("{9A19103F-16F7-4668-BE54-9A1E7A4F7556}") = "BAI_1_4_GROUPBOX", "BAI_1_4_GROUPBOX\BAI_1_4_GROUPBOX.csproj", "{E91DEBC1-25B9-4DA1-9E5D-DD716C702438}"
EndProject
Project("{9A19103F-16F7-4668-BE54-9A1E7A4F7556}") = "BAI_1_5_MENUSTRIP", "BAI_1_5_MENUSTRIP\BAI_1_5_MENUSTRIP.csproj", "{4AE06CE7-3EE2-4CDF-8A86-05F1A993E342}"
EndProject
Project("{9A19103F-16F7-4668-BE54-9A1E7A4F7556}") = "BAI_1_6_LISTVIEW", "BAI_1_6_LISTVIEW\BAI_1_6_LISTVIEW.csproj", "{CDF7FC18-8481-422E-B6A2-1EBA533634EF}"
EndProject
Project("{FAE04EC0-301F-11D3-BF4B-00C04F79EFBC}") = "HackerRank", "HackerRank\HackerRank.csproj", "{1D3A1902-2446-463A-851E-805406ACD2BA}"
EndProject
Project("{9A19103F-16F7-4668-BE54-9A1E7A4F7556}") = "BAI_1_8_ADO.NET", "BAI_1_8_ADO.NET\BAI_1_8_ADO.NET.csproj", "{B922212A-A893-404C-84B6-1CD84D8D2B0C}"
EndProject
Project("{9A19103F-16F7-4668-BE54-9A1E7A4F7556}") = "TRAINING_4", "TRAINING_4\TRAINING_4.csproj", "{26DD4E37-55DF-49F0-B2AA-5F5F0D673EE5}"
EndProject
Project("{9A19103F-16F7-4668-BE54-9A1E7A4F7556}") = "LAB1", "LAB1\LAB1.csproj", "{AC635642-2DBD-4137-865F-0653B7550D29}"
EndProject
Project("{9A19103F-16F7-4668-BE54-9A1E7A4F7556}") = "LAB2", "LAB2\LAB2.csproj", "{3228885E-1DA5-462F-AB7B-89E863AE0946}"
EndProject
Project("{9A19103F-16F7-4668-BE54-9A1E7A4F7556}") = "ASSIGNMENT", "ASSIGNMENT\ASSIGNMENT.csproj", "{89CE4177-A52C-4B5E-B4BA-3F5369AFBBF1}"
EndProject
Project("{FAE04EC0-301F-11D3-BF4B-00C04F79EFBC}") = "BAI_1_9_EF_DATABASE_FIRST", "BAI_1_9_EF_DATABASE_FIRST\BAI_1_9_EF_DATABASE_FIRST.csproj", "{6867128C-B720-499A-852D-0D4C91489F54}"
EndProject
Project("{FAE04EC0-301F-11D3-BF4B-00C04F79EFBC}") = "BAI_2_0_CODE_FIRST", "BAI_2_0_CODE_FIRST\BAI_2_0_CODE_FIRST.csproj", "{27C61645-5D30-401E-90E2-50DDFDBB9AB8}"
EndProject
Project("{FAE04EC0-301F-11D3-BF4B-00C04F79EFBC}") = "BAI_2_1_EF_DATA_ANOTATION", "BAI_2_1_EF_DATA_ANOTATION\BAI_2_1_EF_DATA_ANOTATION.csproj", "{28A2B693-B0B0-42F6-B479-216C23216B28}"
EndProject
Project("{9A19103F-16F7-4668-BE54-9A1E7A4F7556}") = "ASSIGNMENT_1", "ASSIGNMENT_1\ASSIGNMENT_1.csproj", "{DA179A05-5315-4A73-8797-1E378DBD5335}"
EndProject
Project("{FAE04EC0-301F-11D3-BF4B-00C04F79EFBC}") = "BAI_2_2_EF_FULENT_API", "BAI_2_2_EF_FULENT_API\BAI_2_2_EF_FULENT_API.csproj", "{398E4735-8F63-4F99-AA09-1DAFB9FF8C85}"
EndProject
Global
	GlobalSection(SolutionConfigurationPlatforms) = preSolution
		Debug|Any CPU = Debug|Any CPU
		Release|Any CPU = Release|Any CPU
	EndGlobalSection
	GlobalSection(ProjectConfigurationPlatforms) = postSolution
		{98153075-94CC-4EC6-AB62-2E0A8980CA7A}.Debug|Any CPU.ActiveCfg = Debug|Any CPU
		{98153075-94CC-4EC6-AB62-2E0A8980CA7A}.Debug|Any CPU.Build.0 = Debug|Any CPU
		{98153075-94CC-4EC6-AB62-2E0A8980CA7A}.Release|Any CPU.ActiveCfg = Release|Any CPU
		{98153075-94CC-4EC6-AB62-2E0A8980CA7A}.Release|Any CPU.Build.0 = Release|Any CPU
		{BB0EDFC7-9E1C-4E22-8C76-320BA292AD66}.Debug|Any CPU.ActiveCfg = Debug|Any CPU
		{BB0EDFC7-9E1C-4E22-8C76-320BA292AD66}.Debug|Any CPU.Build.0 = Debug|Any CPU
		{BB0EDFC7-9E1C-4E22-8C76-320BA292AD66}.Release|Any CPU.ActiveCfg = Release|Any CPU
		{BB0EDFC7-9E1C-4E22-8C76-320BA292AD66}.Release|Any CPU.Build.0 = Release|Any CPU
		{04C766F7-4857-4D5E-A766-B0A642A57250}.Debug|Any CPU.ActiveCfg = Debug|Any CPU
		{04C766F7-4857-4D5E-A766-B0A642A57250}.Debug|Any CPU.Build.0 = Debug|Any CPU
		{04C766F7-4857-4D5E-A766-B0A642A57250}.Release|Any CPU.ActiveCfg = Release|Any CPU
		{04C766F7-4857-4D5E-A766-B0A642A57250}.Release|Any CPU.Build.0 = Release|Any CPU
		{A842F15B-7E93-468A-ADE4-6184998AD37B}.Debug|Any CPU.ActiveCfg = Debug|Any CPU
		{A842F15B-7E93-468A-ADE4-6184998AD37B}.Debug|Any CPU.Build.0 = Debug|Any CPU
		{A842F15B-7E93-468A-ADE4-6184998AD37B}.Release|Any CPU.ActiveCfg = Release|Any CPU
		{A842F15B-7E93-468A-ADE4-6184998AD37B}.Release|Any CPU.Build.0 = Release|Any CPU
		{2DF7271E-8D8D-4AEF-BAE5-85FD1015505A}.Debug|Any CPU.ActiveCfg = Debug|Any CPU
		{2DF7271E-8D8D-4AEF-BAE5-85FD1015505A}.Debug|Any CPU.Build.0 = Debug|Any CPU
		{2DF7271E-8D8D-4AEF-BAE5-85FD1015505A}.Release|Any CPU.ActiveCfg = Release|Any CPU
		{2DF7271E-8D8D-4AEF-BAE5-85FD1015505A}.Release|Any CPU.Build.0 = Release|Any CPU
		{7DD82A1F-CAD6-41E6-B7B2-EBC2DA5039CE}.Debug|Any CPU.ActiveCfg = Debug|Any CPU
		{7DD82A1F-CAD6-41E6-B7B2-EBC2DA5039CE}.Debug|Any CPU.Build.0 = Debug|Any CPU
		{7DD82A1F-CAD6-41E6-B7B2-EBC2DA5039CE}.Release|Any CPU.ActiveCfg = Release|Any CPU
		{7DD82A1F-CAD6-41E6-B7B2-EBC2DA5039CE}.Release|Any CPU.Build.0 = Release|Any CPU
		{343DACF9-B977-496F-A134-73ABBF02DB34}.Debug|Any CPU.ActiveCfg = Debug|Any CPU
		{343DACF9-B977-496F-A134-73ABBF02DB34}.Debug|Any CPU.Build.0 = Debug|Any CPU
		{343DACF9-B977-496F-A134-73ABBF02DB34}.Release|Any CPU.ActiveCfg = Release|Any CPU
		{343DACF9-B977-496F-A134-73ABBF02DB34}.Release|Any CPU.Build.0 = Release|Any CPU
		{E91DEBC1-25B9-4DA1-9E5D-DD716C702438}.Debug|Any CPU.ActiveCfg = Debug|Any CPU
		{E91DEBC1-25B9-4DA1-9E5D-DD716C702438}.Debug|Any CPU.Build.0 = Debug|Any CPU
		{E91DEBC1-25B9-4DA1-9E5D-DD716C702438}.Release|Any CPU.ActiveCfg = Release|Any CPU
		{E91DEBC1-25B9-4DA1-9E5D-DD716C702438}.Release|Any CPU.Build.0 = Release|Any CPU
		{4AE06CE7-3EE2-4CDF-8A86-05F1A993E342}.Debug|Any CPU.ActiveCfg = Debug|Any CPU
		{4AE06CE7-3EE2-4CDF-8A86-05F1A993E342}.Debug|Any CPU.Build.0 = Debug|Any CPU
		{4AE06CE7-3EE2-4CDF-8A86-05F1A993E342}.Release|Any CPU.ActiveCfg = Release|Any CPU
		{4AE06CE7-3EE2-4CDF-8A86-05F1A993E342}.Release|Any CPU.Build.0 = Release|Any CPU
		{CDF7FC18-8481-422E-B6A2-1EBA533634EF}.Debug|Any CPU.ActiveCfg = Debug|Any CPU
		{CDF7FC18-8481-422E-B6A2-1EBA533634EF}.Debug|Any CPU.Build.0 = Debug|Any CPU
		{CDF7FC18-8481-422E-B6A2-1EBA533634EF}.Release|Any CPU.ActiveCfg = Release|Any CPU
		{CDF7FC18-8481-422E-B6A2-1EBA533634EF}.Release|Any CPU.Build.0 = Release|Any CPU
		{1D3A1902-2446-463A-851E-805406ACD2BA}.Debug|Any CPU.ActiveCfg = Debug|Any CPU
		{1D3A1902-2446-463A-851E-805406ACD2BA}.Debug|Any CPU.Build.0 = Debug|Any CPU
		{1D3A1902-2446-463A-851E-805406ACD2BA}.Release|Any CPU.ActiveCfg = Release|Any CPU
		{1D3A1902-2446-463A-851E-805406ACD2BA}.Release|Any CPU.Build.0 = Release|Any CPU
		{B922212A-A893-404C-84B6-1CD84D8D2B0C}.Debug|Any CPU.ActiveCfg = Debug|Any CPU
		{B922212A-A893-404C-84B6-1CD84D8D2B0C}.Debug|Any CPU.Build.0 = Debug|Any CPU
		{B922212A-A893-404C-84B6-1CD84D8D2B0C}.Release|Any CPU.ActiveCfg = Release|Any CPU
		{B922212A-A893-404C-84B6-1CD84D8D2B0C}.Release|Any CPU.Build.0 = Release|Any CPU
		{26DD4E37-55DF-49F0-B2AA-5F5F0D673EE5}.Debug|Any CPU.ActiveCfg = Debug|Any CPU
		{26DD4E37-55DF-49F0-B2AA-5F5F0D673EE5}.Debug|Any CPU.Build.0 = Debug|Any CPU
		{26DD4E37-55DF-49F0-B2AA-5F5F0D673EE5}.Release|Any CPU.ActiveCfg = Release|Any CPU
		{26DD4E37-55DF-49F0-B2AA-5F5F0D673EE5}.Release|Any CPU.Build.0 = Release|Any CPU
		{AC635642-2DBD-4137-865F-0653B7550D29}.Debug|Any CPU.ActiveCfg = Debug|Any CPU
		{AC635642-2DBD-4137-865F-0653B7550D29}.Debug|Any CPU.Build.0 = Debug|Any CPU
		{AC635642-2DBD-4137-865F-0653B7550D29}.Release|Any CPU.ActiveCfg = Release|Any CPU
		{AC635642-2DBD-4137-865F-0653B7550D29}.Release|Any CPU.Build.0 = Release|Any CPU
		{3228885E-1DA5-462F-AB7B-89E863AE0946}.Debug|Any CPU.ActiveCfg = Debug|Any CPU
		{3228885E-1DA5-462F-AB7B-89E863AE0946}.Debug|Any CPU.Build.0 = Debug|Any CPU
		{3228885E-1DA5-462F-AB7B-89E863AE0946}.Release|Any CPU.ActiveCfg = Release|Any CPU
		{3228885E-1DA5-462F-AB7B-89E863AE0946}.Release|Any CPU.Build.0 = Release|Any CPU
		{89CE4177-A52C-4B5E-B4BA-3F5369AFBBF1}.Debug|Any CPU.ActiveCfg = Debug|Any CPU
		{89CE4177-A52C-4B5E-B4BA-3F5369AFBBF1}.Debug|Any CPU.Build.0 = Debug|Any CPU
		{89CE4177-A52C-4B5E-B4BA-3F5369AFBBF1}.Release|Any CPU.ActiveCfg = Release|Any CPU
		{89CE4177-A52C-4B5E-B4BA-3F5369AFBBF1}.Release|Any CPU.Build.0 = Release|Any CPU
		{6867128C-B720-499A-852D-0D4C91489F54}.Debug|Any CPU.ActiveCfg = Debug|Any CPU
		{6867128C-B720-499A-852D-0D4C91489F54}.Debug|Any CPU.Build.0 = Debug|Any CPU
		{6867128C-B720-499A-852D-0D4C91489F54}.Release|Any CPU.ActiveCfg = Release|Any CPU
		{6867128C-B720-499A-852D-0D4C91489F54}.Release|Any CPU.Build.0 = Release|Any CPU
		{27C61645-5D30-401E-90E2-50DDFDBB9AB8}.Debug|Any CPU.ActiveCfg = Debug|Any CPU
		{27C61645-5D30-401E-90E2-50DDFDBB9AB8}.Debug|Any CPU.Build.0 = Debug|Any CPU
		{27C61645-5D30-401E-90E2-50DDFDBB9AB8}.Release|Any CPU.ActiveCfg = Release|Any CPU
		{27C61645-5D30-401E-90E2-50DDFDBB9AB8}.Release|Any CPU.Build.0 = Release|Any CPU
		{28A2B693-B0B0-42F6-B479-216C23216B28}.Debug|Any CPU.ActiveCfg = Debug|Any CPU
		{28A2B693-B0B0-42F6-B479-216C23216B28}.Debug|Any CPU.Build.0 = Debug|Any CPU
		{28A2B693-B0B0-42F6-B479-216C23216B28}.Release|Any CPU.ActiveCfg = Release|Any CPU
		{28A2B693-B0B0-42F6-B479-216C23216B28}.Release|Any CPU.Build.0 = Release|Any CPU
		{DA179A05-5315-4A73-8797-1E378DBD5335}.Debug|Any CPU.ActiveCfg = Debug|Any CPU
		{DA179A05-5315-4A73-8797-1E378DBD5335}.Debug|Any CPU.Build.0 = Debug|Any CPU
		{DA179A05-5315-4A73-8797-1E378DBD5335}.Release|Any CPU.ActiveCfg = Release|Any CPU
		{DA179A05-5315-4A73-8797-1E378DBD5335}.Release|Any CPU.Build.0 = Release|Any CPU
		{398E4735-8F63-4F99-AA09-1DAFB9FF8C85}.Debug|Any CPU.ActiveCfg = Debug|Any CPU
		{398E4735-8F63-4F99-AA09-1DAFB9FF8C85}.Debug|Any CPU.Build.0 = Debug|Any CPU
		{398E4735-8F63-4F99-AA09-1DAFB9FF8C85}.Release|Any CPU.ActiveCfg = Release|Any CPU
		{398E4735-8F63-4F99-AA09-1DAFB9FF8C85}.Release|Any CPU.Build.0 = Release|Any CPU
	EndGlobalSection
	GlobalSection(SolutionProperties) = preSolution
		HideSolutionNode = FALSE
	EndGlobalSection
	GlobalSection(ExtensibilityGlobals) = postSolution
		SolutionGuid = {A4874536-3FEE-47B8-B3B1-0F4CA7C18ABF}
	EndGlobalSection
EndGlobal
